{
  "name": "intune-light",
  "lockfileVersion": 3,
  "requires": true,
  "packages": {
    "": {
      "devDependencies": {
        "@vestfoldfylke/vfk-cli": "^2.1.0"
      }
    },
    "node_modules/@vestfoldfylke/vfk-cli": {
      "version": "2.1.0",
      "resolved": "https://registry.npmjs.org/@vestfoldfylke/vfk-cli/-/vfk-cli-2.1.0.tgz",
      "integrity": "sha512-lJ7Lk27uSk/NlNiD07ku93xp5kmRUtWhAzkrNCk3CswTXcrKrQAWfSZmsA+mg5sTssKlDtt93VrmyU80Ig9DMg==",
      "dev": true,
      "dependencies": {
        "semver": "^7.7.3",
        "yocto-spinner": "^1.0.0"
      },
      "bin": {
        "vfk": "dist/index.js"
      }
    },
    "node_modules/semver": {
      "version": "7.7.3",
      "resolved": "https://registry.npmjs.org/semver/-/semver-7.7.3.tgz",
      "integrity": "sha512-SdsKMrI9TdgjdweUSR9MweHA4EJ8YxHn8DFaDisvhVlUOe4BF1tLD7GAj0lIqWVl+dPb/rExr0Btby5loQm20Q==",
      "dev": true,
      "bin": {
        "semver": "bin/semver.js"
      },
      "engines": {
        "node": ">=10"
      }
    },
    "node_modules/yocto-spinner": {
      "version": "1.1.0",
      "resolved": "https://registry.npmjs.org/yocto-spinner/-/yocto-spinner-1.1.0.tgz",
      "integrity": "sha512-/BY0AUXnS7IKO354uLLA2eRcWiqDifEbd6unXCsOxkFDAkhgUL3PH9X2bFoaU0YchnDXsF+iKleeTLJGckbXfA==",
      "dev": true,
      "dependencies": {
        "yoctocolors": "^2.1.1"
      },
      "engines": {
        "node": ">=18.19"
      },
      "funding": {
        "url": "https://github.com/sponsors/sindresorhus"
      }
    },
    "node_modules/yoctocolors": {
      "version": "2.1.2",
      "resolved": "https://registry.npmjs.org/yoctocolors/-/yoctocolors-2.1.2.tgz",
      "integrity": "sha512-CzhO+pFNo8ajLM2d2IW/R93ipy99LWjtwblvC1RsoSUMZgyLbYFr221TnSNT7GjGdYui6P459mw9JH/g/zW2ug==",
      "dev": true,
      "engines": {
        "node": ">=18"
      },
      "funding": {
        "url": "https://github.com/sponsors/sindresorhus"
      }
    }
  }
}
